// !$*UTF8*$!
{
	archiveVersion = 1;
	classes = {
	};
	objectVersion = 77;
	objects = {

/* Begin PBXBuildFile section */
		41E51DE52E1BE1C200F212BC /* Factory in Frameworks */ = {isa = PBXBuildFile; productRef = 41E51DE42E1BE1C200F212BC /* Factory */; };
		41E51DE72E1BE1C200F212BC /* FactoryKit in Frameworks */ = {isa = PBXBuildFile; productRef = 41E51DE62E1BE1C200F212BC /* FactoryKit */; };
		41E51DE92E1BE1C200F212BC /* FactoryTesting in Frameworks */ = {isa = PBXBuildFile; productRef = 41E51DE82E1BE1C200F212BC /* FactoryTesting */; };
/* End PBXBuildFile section */

/* Begin PBXContainerItemProxy section */
		41E51DB22E1BC67600F212BC /* PBXContainerItemProxy */ = {
			isa = PBXContainerItemProxy;
			containerPortal = 41E51D9A2E1BC67500F212BC /* Project object */;
			proxyType = 1;
			remoteGlobalIDString = 41E51DA12E1BC67500F212BC;
			remoteInfo = MangaViewer;
		};
		41E51DBC2E1BC67600F212BC /* PBXContainerItemProxy */ = {
			isa = PBXContainerItemProxy;
			containerPortal = 41E51D9A2E1BC67500F212BC /* Project object */;
			proxyType = 1;
			remoteGlobalIDString = 41E51DA12E1BC67500F212BC;
			remoteInfo = MangaViewer;
		};
/* End PBXContainerItemProxy section */

/* Begin PBXFileReference section */
		41E51DA22E1BC67500F212BC /* MangaViewer.app */ = {isa = PBXFileReference; explicitFileType = wrapper.application; includeInIndex = 0; path = MangaViewer.app; sourceTree = BUILT_PRODUCTS_DIR; };
		41E51DB12E1BC67600F212BC /* MangaViewerTests.xctest */ = {isa = PBXFileReference; explicitFileType = wrapper.cfbundle; includeInIndex = 0; path = MangaViewerTests.xctest; sourceTree = BUILT_PRODUCTS_DIR; };
		41E51DBB2E1BC67600F212BC /* MangaViewerUITests.xctest */ = {isa = PBXFileReference; explicitFileType = wrapper.cfbundle; includeInIndex = 0; path = MangaViewerUITests.xctest; sourceTree = BUILT_PRODUCTS_DIR; };
/* End PBXFileReference section */

/* Begin PBXFileSystemSynchronizedRootGroup section */
		41E51DA42E1BC67500F212BC /* MangaViewer */ = {
			isa = PBXFileSystemSynchronizedRootGroup;
			path = MangaViewer;
			sourceTree = "<group>";
		};
		41E51DB42E1BC67600F212BC /* MangaViewerTests */ = {
			isa = PBXFileSystemSynchronizedRootGroup;
			path = MangaViewerTests;
			sourceTree = "<group>";
		};
		41E51DBE2E1BC67600F212BC /* MangaViewerUITests */ = {
			isa = PBXFileSystemSynchronizedRootGroup;
			path = MangaViewerUITests;
			sourceTree = "<group>";
		};
/* End PBXFileSystemSynchronizedRootGroup section */

/* Begin PBXFrameworksBuildPhase section */
		41E51D9F2E1BC67500F212BC /* Frameworks */ = {
			isa = PBXFrameworksBuildPhase;
			buildActionMask = 2147483647;
			files = (
				41E51DE72E1BE1C200F212BC /* FactoryKit in Frameworks */,
				41E51DE52E1BE1C200F212BC /* Factory in Frameworks */,
			);
			runOnlyForDeploymentPostprocessing = 0;
		};
		41E51DAE2E1BC67600F212BC /* Frameworks */ = {
			isa = PBXFrameworksBuildPhase;
			buildActionMask = 2147483647;
			files = (
				41E51DE92E1BE1C200F212BC /* FactoryTesting in Frameworks */,
			);
			runOnlyForDeploymentPostprocessing = 0;
		};
		41E51DB82E1BC67600F212BC /* Frameworks */ = {
			isa = PBXFrameworksBuildPhase;
			buildActionMask = 2147483647;
			files = (
			);
			runOnlyForDeploymentPostprocessing = 0;
		};
/* End PBXFrameworksBuildPhase section */

/* Begin PBXGroup section */
		41E51D992E1BC67500F212BC = {
			isa = PBXGroup;
			children = (
				41E51DA42E1BC67500F212BC /* MangaViewer */,
				41E51DB42E1BC67600F212BC /* MangaViewerTests */,
				41E51DBE2E1BC67600F212BC /* MangaViewerUITests */,
				41E51DA32E1BC67500F212BC /* Products */,
			);
			sourceTree = "<group>";
		};
		41E51DA32E1BC67500F212BC /* Products */ = {
			isa = PBXGroup;
			children = (
				41E51DA22E1BC67500F212BC /* MangaViewer.app */,
				41E51DB12E1BC67600F212BC /* MangaViewerTests.xctest */,
				41E51DBB2E1BC67600F212BC /* MangaViewerUITests.xctest */,
			);
			name = Products;
			sourceTree = "<group>";
		};
/* End PBXGroup section */

/* Begin PBXNativeTarget section */
		41E51DA12E1BC67500F212BC /* MangaViewer */ = {
			isa = PBXNativeTarget;
			buildConfigurationList = 41E51DC52E1BC67600F212BC /* Build configuration list for PBXNativeTarget "MangaViewer" */;
			buildPhases = (
				41E51D9E2E1BC67500F212BC /* Sources */,
				41E51D9F2E1BC67500F212BC /* Frameworks */,
				41E51DA02E1BC67500F212BC /* Resources */,
				41E51DD02E1BCC2200F212BC /* ShellScript */,
			);
			buildRules = (
			);
			dependencies = (
			);
			fileSystemSynchronizedGroups = (
				41E51DA42E1BC67500F212BC /* MangaViewer */,
			);
			name = MangaViewer;
			packageProductDependencies = (
				41E51DE42E1BE1C200F212BC /* Factory */,
				41E51DE62E1BE1C200F212BC /* FactoryKit */,
			);
			productName = MangaViewer;
			productReference = 41E51DA22E1BC67500F212BC /* MangaViewer.app */;
			productType = "com.apple.product-type.application";
		};
		41E51DB02E1BC67600F212BC /* MangaViewerTests */ = {
			isa = PBXNativeTarget;
			buildConfigurationList = 41E51DC82E1BC67600F212BC /* Build configuration list for PBXNativeTarget "MangaViewerTests" */;
			buildPhases = (
				41E51DAD2E1BC67600F212BC /* Sources */,
				41E51DAE2E1BC67600F212BC /* Frameworks */,
				41E51DAF2E1BC67600F212BC /* Resources */,
			);
			buildRules = (
			);
			dependencies = (
				41E51DB32E1BC67600F212BC /* PBXTargetDependency */,
			);
			fileSystemSynchronizedGroups = (
				41E51DB42E1BC67600F212BC /* MangaViewerTests */,
			);
			name = MangaViewerTests;
			packageProductDependencies = (
				41E51DE82E1BE1C200F212BC /* FactoryTesting */,
			);
			productName = MangaViewerTests;
			productReference = 41E51DB12E1BC67600F212BC /* MangaViewerTests.xctest */;
			productType = "com.apple.product-type.bundle.unit-test";
		};
		41E51DBA2E1BC67600F212BC /* MangaViewerUITests */ = {
			isa = PBXNativeTarget;
			buildConfigurationList = 41E51DCB2E1BC67600F212BC /* Build configuration list for PBXNativeTarget "MangaViewerUITests" */;
			buildPhases = (
				41E51DB72E1BC67600F212BC /* Sources */,
				41E51DB82E1BC67600F212BC /* Frameworks */,
				41E51DB92E1BC67600F212BC /* Resources */,
			);
			buildRules = (
			);
			dependencies = (
				41E51DBD2E1BC67600F212BC /* PBXTargetDependency */,
			);
			fileSystemSynchronizedGroups = (
				41E51DBE2E1BC67600F212BC /* MangaViewerUITests */,
			);
			name = MangaViewerUITests;
			packageProductDependencies = (
			);
			productName = MangaViewerUITests;
			productReference = 41E51DBB2E1BC67600F212BC /* MangaViewerUITests.xctest */;
			productType = "com.apple.product-type.bundle.ui-testing";
		};
/* End PBXNativeTarget section */

/* Begin PBXProject section */
		41E51D9A2E1BC67500F212BC /* Project object */ = {
			isa = PBXProject;
			attributes = {
				BuildIndependentTargetsInParallel = 1;
				LastSwiftUpdateCheck = 1640;
				LastUpgradeCheck = 1640;
				TargetAttributes = {
					41E51DA12E1BC67500F212BC = {
						CreatedOnToolsVersion = 16.4;
					};
					41E51DB02E1BC67600F212BC = {
						CreatedOnToolsVersion = 16.4;
						TestTargetID = 41E51DA12E1BC67500F212BC;
					};
					41E51DBA2E1BC67600F212BC = {
						CreatedOnToolsVersion = 16.4;
						TestTargetID = 41E51DA12E1BC67500F212BC;
					};
				};
			};
			buildConfigurationList = 41E51D9D2E1BC67500F212BC /* Build configuration list for PBXProject "MangaViewer" */;
			developmentRegion = en;
			hasScannedForEncodings = 0;
			knownRegions = (
				en,
				Base,
			);
			mainGroup = 41E51D992E1BC67500F212BC;
			minimizedProjectReferenceProxies = 1;
			packageReferences = (
				41E51DD32E1BD16A00F212BC /* XCRemoteSwiftPackageReference "SwiftLintPlugins" */,
				41E51DE32E1BE1C200F212BC /* XCRemoteSwiftPackageReference "Factory" */,
			);
			preferredProjectObjectVersion = 77;
			productRefGroup = 41E51DA32E1BC67500F212BC /* Products */;
			projectDirPath = "";
			projectRoot = "";
			targets = (
				41E51DA12E1BC67500F212BC /* MangaViewer */,
				41E51DB02E1BC67600F212BC /* MangaViewerTests */,
				41E51DBA2E1BC67600F212BC /* MangaViewerUITests */,
			);
		};
/* End PBXProject section */

/* Begin PBXResourcesBuildPhase section */
		41E51DA02E1BC67500F212BC /* Resources */ = {
			isa = PBXResourcesBuildPhase;
			buildActionMask = 2147483647;
			files = (
			);
			runOnlyForDeploymentPostprocessing = 0;
		};
		41E51DAF2E1BC67600F212BC /* Resources */ = {
			isa = PBXResourcesBuildPhase;
			buildActionMask = 2147483647;
			files = (
			);
			runOnlyForDeploymentPostprocessing = 0;
		};
		41E51DB92E1BC67600F212BC /* Resources */ = {
			isa = PBXResourcesBuildPhase;
			buildActionMask = 2147483647;
			files = (
			);
			runOnlyForDeploymentPostprocessing = 0;
		};
/* End PBXResourcesBuildPhase section */

/* Begin PBXShellScriptBuildPhase section */
		41E51DD02E1BCC2200F212BC /* ShellScript */ = {
			isa = PBXShellScriptBuildPhase;
			alwaysOutOfDate = 1;
			buildActionMask = 2147483647;
			files = (
			);
			inputFileListPaths = (
			);
			inputPaths = (
			);
			outputFileListPaths = (
			);
			outputPaths = (
			);
			runOnlyForDeploymentPostprocessing = 0;
			shellPath = /bin/sh;
			shellScript = "SWIFT_PACKAGE_DIR=\"${BUILD_DIR%Build/*}SourcePackages/artifacts\"\nSWIFTLINT_CMD=$(ls \"$SWIFT_PACKAGE_DIR\"/swiftlintplugins/SwiftLintBinary/SwiftLintBinary.artifactbundle/swiftlint-*-macos/bin/swiftlint | head -n 1)\n\nif test -f \"$SWIFTLINT_CMD\" 2>&1\nthen\n    \"$SWIFTLINT_CMD\"\nelse\n    echo \"warning: `swiftlint` command not found - See https://github.com/realm/SwiftLint#installation for installation instructions.\"\nfi\n";
		};
/* End PBXShellScriptBuildPhase section */

/* Begin PBXSourcesBuildPhase section */
		41E51D9E2E1BC67500F212BC /* Sources */ = {
			isa = PBXSourcesBuildPhase;
			buildActionMask = 2147483647;
			files = (
			);
			runOnlyForDeploymentPostprocessing = 0;
		};
		41E51DAD2E1BC67600F212BC /* Sources */ = {
			isa = PBXSourcesBuildPhase;
			buildActionMask = 2147483647;
			files = (
			);
			runOnlyForDeploymentPostprocessing = 0;
		};
		41E51DB72E1BC67600F212BC /* Sources */ = {
			isa = PBXSourcesBuildPhase;
			buildActionMask = 2147483647;
			files = (
			);
			runOnlyForDeploymentPostprocessing = 0;
		};
/* End PBXSourcesBuildPhase section */

/* Begin PBXTargetDependency section */
		41E51DB32E1BC67600F212BC /* PBXTargetDependency */ = {
			isa = PBXTargetDependency;
			target = 41E51DA12E1BC67500F212BC /* MangaViewer */;
			targetProxy = 41E51DB22E1BC67600F212BC /* PBXContainerItemProxy */;
		};
		41E51DBD2E1BC67600F212BC /* PBXTargetDependency */ = {
			isa = PBXTargetDependency;
			target = 41E51DA12E1BC67500F212BC /* MangaViewer */;
			targetProxy = 41E51DBC2E1BC67600F212BC /* PBXContainerItemProxy */;
		};
/* End PBXTargetDependency section */

/* Begin XCBuildConfiguration section */
		41E51DC32E1BC67600F212BC /* Debug */ = {
			isa = XCBuildConfiguration;
			buildSettings = {
				ALWAYS_SEARCH_USER_PATHS = NO;
				ASSETCATALOG_COMPILER_GENERATE_SWIFT_ASSET_SYMBOL_EXTENSIONS = YES;
				CLANG_ANALYZER_NONNULL = YES;
				CLANG_ANALYZER_NUMBER_OBJECT_CONVERSION = YES_AGGRESSIVE;
				CLANG_CXX_LANGUAGE_STANDARD = "gnu++20";
				CLANG_ENABLE_MODULES = YES;
				CLANG_ENABLE_OBJC_ARC = YES;
				CLANG_ENABLE_OBJC_WEAK = YES;
				CLANG_WARN_BLOCK_CAPTURE_AUTORELEASING = YES;
				CLANG_WARN_BOOL_CONVERSION = YES;
				CLANG_WARN_COMMA = YES;
				CLANG_WARN_CONSTANT_CONVERSION = YES;
				CLANG_WARN_DEPRECATED_OBJC_IMPLEMENTATIONS = YES;
				CLANG_WARN_DIRECT_OBJC_ISA_USAGE = YES_ERROR;
				CLANG_WARN_DOCUMENTATION_COMMENTS = YES;
				CLANG_WARN_EMPTY_BODY = YES;
				CLANG_WARN_ENUM_CONVERSION = YES;
				CLANG_WARN_INFINITE_RECURSION = YES;
				CLANG_WARN_INT_CONVERSION = YES;
				CLANG_WARN_NON_LITERAL_NULL_CONVERSION = YES;
				CLANG_WARN_OBJC_IMPLICIT_RETAIN_SELF = YES;
				CLANG_WARN_OBJC_LITERAL_CONVERSION = YES;
				CLANG_WARN_OBJC_ROOT_CLASS = YES_ERROR;
				CLANG_WARN_QUOTED_INCLUDE_IN_FRAMEWORK_HEADER = YES;
				CLANG_WARN_RANGE_LOOP_ANALYSIS = YES;
				CLANG_WARN_STRICT_PROTOTYPES = YES;
				CLANG_WARN_SUSPICIOUS_MOVE = YES;
				CLANG_WARN_UNGUARDED_AVAILABILITY = YES_AGGRESSIVE;
				CLANG_WARN_UNREACHABLE_CODE = YES;
				CLANG_WARN__DUPLICATE_METHOD_MATCH = YES;
				COPY_PHASE_STRIP = NO;
				DEBUG_INFORMATION_FORMAT = dwarf;
				ENABLE_STRICT_OBJC_MSGSEND = YES;
				ENABLE_TESTABILITY = YES;
				ENABLE_USER_SCRIPT_SANDBOXING = YES;
				GCC_C_LANGUAGE_STANDARD = gnu17;
				GCC_DYNAMIC_NO_PIC = NO;
				GCC_NO_COMMON_BLOCKS = YES;
				GCC_OPTIMIZATION_LEVEL = 0;
				GCC_PREPROCESSOR_DEFINITIONS = (
					"DEBUG=1",
					"$(inherited)",
				);
				GCC_WARN_64_TO_32_BIT_CONVERSION = YES;
				GCC_WARN_ABOUT_RETURN_TYPE = YES_ERROR;
				GCC_WARN_UNDECLARED_SELECTOR = YES;
				GCC_WARN_UNINITIALIZED_AUTOS = YES_AGGRESSIVE;
				GCC_WARN_UNUSED_FUNCTION = YES;
				GCC_WARN_UNUSED_VARIABLE = YES;
				IPHONEOS_DEPLOYMENT_TARGET = 18.5;
				LOCALIZATION_PREFERS_STRING_CATALOGS = YES;
				MTL_ENABLE_DEBUG_INFO = INCLUDE_SOURCE;
				MTL_FAST_MATH = YES;
				ONLY_ACTIVE_ARCH = YES;
				SDKROOT = iphoneos;
				SWIFT_ACTIVE_COMPILATION_CONDITIONS = "DEBUG $(inherited)";
				SWIFT_OPTIMIZATION_LEVEL = "-Onone";
			};
			name = Debug;
		};
		41E51DC42E1BC67600F212BC /* Release */ = {
			isa = XCBuildConfiguration;
			buildSettings = {
				ALWAYS_SEARCH_USER_PATHS = NO;
				ASSETCATALOG_COMPILER_GENERATE_SWIFT_ASSET_SYMBOL_EXTENSIONS = YES;
				CLANG_ANALYZER_NONNULL = YES;
				CLANG_ANALYZER_NUMBER_OBJECT_CONVERSION = YES_AGGRESSIVE;
				CLANG_CXX_LANGUAGE_STANDARD = "gnu++20";
				CLANG_ENABLE_MODULES = YES;
				CLANG_ENABLE_OBJC_ARC = YES;
				CLANG_ENABLE_OBJC_WEAK = YES;
				CLANG_WARN_BLOCK_CAPTURE_AUTORELEASING = YES;
				CLANG_WARN_BOOL_CONVERSION = YES;
				CLANG_WARN_COMMA = YES;
				CLANG_WARN_CONSTANT_CONVERSION = YES;
				CLANG_WARN_DEPRECATED_OBJC_IMPLEMENTATIONS = YES;
				CLANG_WARN_DIRECT_OBJC_ISA_USAGE = YES_ERROR;
				CLANG_WARN_DOCUMENTATION_COMMENTS = YES;
				CLANG_WARN_EMPTY_BODY = YES;
				CLANG_WARN_ENUM_CONVERSION = YES;
				CLANG_WARN_INFINITE_RECURSION = YES;
				CLANG_WARN_INT_CONVERSION = YES;
				CLANG_WARN_NON_LITERAL_NULL_CONVERSION = YES;
				CLANG_WARN_OBJC_IMPLICIT_RETAIN_SELF = YES;
				CLANG_WARN_OBJC_LITERAL_CONVERSION = YES;
				CLANG_WARN_OBJC_ROOT_CLASS = YES_ERROR;
				CLANG_WARN_QUOTED_INCLUDE_IN_FRAMEWORK_HEADER = YES;
				CLANG_WARN_RANGE_LOOP_ANALYSIS = YES;
				CLANG_WARN_STRICT_PROTOTYPES = YES;
				CLANG_WARN_SUSPICIOUS_MOVE = YES;
				CLANG_WARN_UNGUARDED_AVAILABILITY = YES_AGGRESSIVE;
				CLANG_WARN_UNREACHABLE_CODE = YES;
				CLANG_WARN__DUPLICATE_METHOD_MATCH = YES;
				COPY_PHASE_STRIP = NO;
				DEBUG_INFORMATION_FORMAT = "dwarf-with-dsym";
				ENABLE_NS_ASSERTIONS = NO;
				ENABLE_STRICT_OBJC_MSGSEND = YES;
				ENABLE_USER_SCRIPT_SANDBOXING = YES;
				GCC_C_LANGUAGE_STANDARD = gnu17;
				GCC_NO_COMMON_BLOCKS = YES;
				GCC_WARN_64_TO_32_BIT_CONVERSION = YES;
				GCC_WARN_ABOUT_RETURN_TYPE = YES_ERROR;
				GCC_WARN_UNDECLARED_SELECTOR = YES;
				GCC_WARN_UNINITIALIZED_AUTOS = YES_AGGRESSIVE;
				GCC_WARN_UNUSED_FUNCTION = YES;
				GCC_WARN_UNUSED_VARIABLE = YES;
				IPHONEOS_DEPLOYMENT_TARGET = 18.5;
				LOCALIZATION_PREFERS_STRING_CATALOGS = YES;
				MTL_ENABLE_DEBUG_INFO = NO;
				MTL_FAST_MATH = YES;
				SDKROOT = iphoneos;
				SWIFT_COMPILATION_MODE = wholemodule;
				VALIDATE_PRODUCT = YES;
			};
			name = Release;
		};
		41E51DC62E1BC67600F212BC /* Debug */ = {
			isa = XCBuildConfiguration;
			buildSettings = {
				ASSETCATALOG_COMPILER_APPICON_NAME = AppIcon;
				ASSETCATALOG_COMPILER_GLOBAL_ACCENT_COLOR_NAME = AccentColor;
				CODE_SIGN_STYLE = Automatic;
				CURRENT_PROJECT_VERSION = 1;
				ENABLE_PREVIEWS = YES;
				ENABLE_USER_SCRIPT_SANDBOXING = NO;
				GENERATE_INFOPLIST_FILE = YES;
				INFOPLIST_KEY_UIApplicationSceneManifest_Generation = YES;
				INFOPLIST_KEY_UIApplicationSupportsIndirectInputEvents = YES;
				INFOPLIST_KEY_UILaunchScreen_Generation = YES;
				INFOPLIST_KEY_UISupportedInterfaceOrientations_iPad = "UIInterfaceOrientationPortrait UIInterfaceOrientationPortraitUpsideDown UIInterfaceOrientationLandscapeLeft UIInterfaceOrientationLandscapeRight";
				INFOPLIST_KEY_UISupportedInterfaceOrientations_iPhone = "UIInterfaceOrientationPortrait UIInterfaceOrientationLandscapeLeft UIInterfaceOrientationLandscapeRight";
				LD_RUNPATH_SEARCH_PATHS = (
					"$(inherited)",
					"@executable_path/Frameworks",
				);
				MARKETING_VERSION = 1.0;
				PRODUCT_BUNDLE_IDENTIFIER = com.sahil.dev.manga.viewer.MangaViewer;
				PRODUCT_NAME = "$(TARGET_NAME)";
				SWIFT_EMIT_LOC_STRINGS = YES;
				SWIFT_VERSION = 5.0;
				TARGETED_DEVICE_FAMILY = "1,2";
			};
			name = Debug;
		};
		41E51DC72E1BC67600F212BC /* Release */ = {
			isa = XCBuildConfiguration;
			buildSettings = {
				ASSETCATALOG_COMPILER_APPICON_NAME = AppIcon;
				ASSETCATALOG_COMPILER_GLOBAL_ACCENT_COLOR_NAME = AccentColor;
				CODE_SIGN_STYLE = Automatic;
				CURRENT_PROJECT_VERSION = 1;
				ENABLE_PREVIEWS = YES;
				ENABLE_USER_SCRIPT_SANDBOXING = NO;
				GENERATE_INFOPLIST_FILE = YES;
				INFOPLIST_KEY_UIApplicationSceneManifest_Generation = YES;
				INFOPLIST_KEY_UIApplicationSupportsIndirectInputEvents = YES;
				INFOPLIST_KEY_UILaunchScreen_Generation = YES;
				INFOPLIST_KEY_UISupportedInterfaceOrientations_iPad = "UIInterfaceOrientationPortrait UIInterfaceOrientationPortraitUpsideDown UIInterfaceOrientationLandscapeLeft UIInterfaceOrientationLandscapeRight";
				INFOPLIST_KEY_UISupportedInterfaceOrientations_iPhone = "UIInterfaceOrientationPortrait UIInterfaceOrientationLandscapeLeft UIInterfaceOrientationLandscapeRight";
				LD_RUNPATH_SEARCH_PATHS = (
					"$(inherited)",
					"@executable_path/Frameworks",
				);
				MARKETING_VERSION = 1.0;
				PRODUCT_BUNDLE_IDENTIFIER = com.sahil.dev.manga.viewer.MangaViewer;
				PRODUCT_NAME = "$(TARGET_NAME)";
				SWIFT_EMIT_LOC_STRINGS = YES;
				SWIFT_VERSION = 5.0;
				TARGETED_DEVICE_FAMILY = "1,2";
			};
			name = Release;
		};
		41E51DC92E1BC67600F212BC /* Debug */ = {
			isa = XCBuildConfiguration;
			buildSettings = {
				BUNDLE_LOADER = "$(TEST_HOST)";
				CODE_SIGN_STYLE = Automatic;
				CURRENT_PROJECT_VERSION = 1;
				GENERATE_INFOPLIST_FILE = YES;
				IPHONEOS_DEPLOYMENT_TARGET = 18.5;
				MARKETING_VERSION = 1.0;
				PRODUCT_BUNDLE_IDENTIFIER = com.sahil.dev.manga.viewer.MangaViewerTests;
				PRODUCT_NAME = "$(TARGET_NAME)";
				SWIFT_EMIT_LOC_STRINGS = NO;
				SWIFT_VERSION = 5.0;
				TARGETED_DEVICE_FAMILY = "1,2";
				TEST_HOST = "$(BUILT_PRODUCTS_DIR)/MangaViewer.app/$(BUNDLE_EXECUTABLE_FOLDER_PATH)/MangaViewer";
			};
			name = Debug;
		};
		41E51DCA2E1BC67600F212BC /* Release */ = {
			isa = XCBuildConfiguration;
			buildSettings = {
				BUNDLE_LOADER = "$(TEST_HOST)";
				CODE_SIGN_STYLE = Automatic;
				CURRENT_PROJECT_VERSION = 1;
				GENERATE_INFOPLIST_FILE = YES;
				IPHONEOS_DEPLOYMENT_TARGET = 18.5;
				MARKETING_VERSION = 1.0;
				PRODUCT_BUNDLE_IDENTIFIER = com.sahil.dev.manga.viewer.MangaViewerTests;
				PRODUCT_NAME = "$(TARGET_NAME)";
				SWIFT_EMIT_LOC_STRINGS = NO;
				SWIFT_VERSION = 5.0;
				TARGETED_DEVICE_FAMILY = "1,2";
				TEST_HOST = "$(BUILT_PRODUCTS_DIR)/MangaViewer.app/$(BUNDLE_EXECUTABLE_FOLDER_PATH)/MangaViewer";
			};
			name = Release;
		};
		41E51DCC2E1BC67600F212BC /* Debug */ = {
			isa = XCBuildConfiguration;
			buildSettings = {
				CODE_SIGN_STYLE = Automatic;
				CURRENT_PROJECT_VERSION = 1;
				GENERATE_INFOPLIST_FILE = YES;
				MARKETING_VERSION = 1.0;
				PRODUCT_BUNDLE_IDENTIFIER = com.sahil.dev.manga.viewer.MangaViewerUITests;
				PRODUCT_NAME = "$(TARGET_NAME)";
				SWIFT_EMIT_LOC_STRINGS = NO;
				SWIFT_VERSION = 5.0;
				TARGETED_DEVICE_FAMILY = "1,2";
				TEST_TARGET_NAME = MangaViewer;
			};
			name = Debug;
		};
		41E51DCD2E1BC67600F212BC /* Release */ = {
			isa = XCBuildConfiguration;
			buildSettings = {
				CODE_SIGN_STYLE = Automatic;
				CURRENT_PROJECT_VERSION = 1;
				GENERATE_INFOPLIST_FILE = YES;
				MARKETING_VERSION = 1.0;
				PRODUCT_BUNDLE_IDENTIFIER = com.sahil.dev.manga.viewer.MangaViewerUITests;
				PRODUCT_NAME = "$(TARGET_NAME)";
				SWIFT_EMIT_LOC_STRINGS = NO;
				SWIFT_VERSION = 5.0;
				TARGETED_DEVICE_FAMILY = "1,2";
				TEST_TARGET_NAME = MangaViewer;
			};
			name = Release;
		};
/* End XCBuildConfiguration section */

/* Begin XCConfigurationList section */
		41E51D9D2E1BC67500F212BC /* Build configuration list for PBXProject "MangaViewer" */ = {
			isa = XCConfigurationList;
			buildConfigurations = (
				41E51DC32E1BC67600F212BC /* Debug */,
				41E51DC42E1BC67600F212BC /* Release */,
			);
			defaultConfigurationIsVisible = 0;
			defaultConfigurationName = Release;
		};
		41E51DC52E1BC67600F212BC /* Build configuration list for PBXNativeTarget "MangaViewer" */ = {
			isa = XCConfigurationList;
			buildConfigurations = (
				41E51DC62E1BC67600F212BC /* Debug */,
				41E51DC72E1BC67600F212BC /* Release */,
			);
			defaultConfigurationIsVisible = 0;
			defaultConfigurationName = Release;
		};
		41E51DC82E1BC67600F212BC /* Build configuration list for PBXNativeTarget "MangaViewerTests" */ = {
			isa = XCConfigurationList;
			buildConfigurations = (
				41E51DC92E1BC67600F212BC /* Debug */,
				41E51DCA2E1BC67600F212BC /* Release */,
			);
			defaultConfigurationIsVisible = 0;
			defaultConfigurationName = Release;
		};
		41E51DCB2E1BC67600F212BC /* Build configuration list for PBXNativeTarget "MangaViewerUITests" */ = {
			isa = XCConfigurationList;
			buildConfigurations = (
				41E51DCC2E1BC67600F212BC /* Debug */,
				41E51DCD2E1BC67600F212BC /* Release */,
			);
			defaultConfigurationIsVisible = 0;
			defaultConfigurationName = Release;
		};
/* End XCConfigurationList section */

/* Begin XCRemoteSwiftPackageReference section */
		41E51DD32E1BD16A00F212BC /* XCRemoteSwiftPackageReference "SwiftLintPlugins" */ = {
			isa = XCRemoteSwiftPackageReference;
			repositoryURL = "https://github.com/SimplyDanny/SwiftLintPlugins.git";
			requirement = {
				kind = upToNextMajorVersion;
				minimumVersion = 0.59.1;
			};
		};
		41E51DE32E1BE1C200F212BC /* XCRemoteSwiftPackageReference "Factory" */ = {
			isa = XCRemoteSwiftPackageReference;
			repositoryURL = "https://github.com/hmlongco/Factory.git";
			requirement = {
				kind = upToNextMajorVersion;
				minimumVersion = 2.5.3;
			};
		};
/* End XCRemoteSwiftPackageReference section */

/* Begin XCSwiftPackageProductDependency section */
		41E51DE42E1BE1C200F212BC /* Factory */ = {
			isa = XCSwiftPackageProductDependency;
			package = 41E51DE32E1BE1C200F212BC /* XCRemoteSwiftPackageReference "Factory" */;
			productName = Factory;
		};
		41E51DE62E1BE1C200F212BC /* FactoryKit */ = {
			isa = XCSwiftPackageProductDependency;
			package = 41E51DE32E1BE1C200F212BC /* XCRemoteSwiftPackageReference "Factory" */;
			productName = FactoryKit;
		};
		41E51DE82E1BE1C200F212BC /* FactoryTesting */ = {
			isa = XCSwiftPackageProductDependency;
			package = 41E51DE32E1BE1C200F212BC /* XCRemoteSwiftPackageReference "Factory" */;
			productName = FactoryTesting;
		};
/* End XCSwiftPackageProductDependency section */
	};
	rootObject = 41E51D9A2E1BC67500F212BC /* Project object */;
}
